
Microsoft Visual Studio Solution File, Format Version 12.00
# Visual Studio Version 17
VisualStudioVersion = 17.14.36310.24
MinimumVisualStudioVersion = 10.0.40219.1
Project("{FAE04EC0-301F-11D3-BF4B-00C04F79EFBC}") = "SEMANA3_C#", "SEMANA3_C#\SEMANA3_C#.csproj", "{E1F048E7-B00C-42BB-AF11-4F0EEEAD385E}"
EndProject
Project("{888888A0-9F3D-457C-B088-3A5042F75D52}") = "SEMANA3_PYTHON", "SEMANA3_PYTHON\SEMANA3_PYTHON.pyproj", "{D18FEC83-A377-47C6-802B-A18B48F0A256}"
EndProject
Project("{888888A0-9F3D-457C-B088-3A5042F75D52}") = "SEMANA5_PY", "SEMANA5_PY\SEMANA5_PY.pyproj", "{BF9AEFB0-3756-4CE5-B397-8A2E403196A7}"
EndProject
Global
	GlobalSection(SolutionConfigurationPlatforms) = preSolution
		Debug|Any CPU = Debug|Any CPU
		Release|Any CPU = Release|Any CPU
	EndGlobalSection
	GlobalSection(ProjectConfigurationPlatforms) = postSolution
		{E1F048E7-B00C-42BB-AF11-4F0EEEAD385E}.Debug|Any CPU.ActiveCfg = Debug|Any CPU
		{E1F048E7-B00C-42BB-AF11-4F0EEEAD385E}.Debug|Any CPU.Build.0 = Debug|Any CPU
		{E1F048E7-B00C-42BB-AF11-4F0EEEAD385E}.Release|Any CPU.ActiveCfg = Release|Any CPU
		{E1F048E7-B00C-42BB-AF11-4F0EEEAD385E}.Release|Any CPU.Build.0 = Release|Any CPU
		{D18FEC83-A377-47C6-802B-A18B48F0A256}.Debug|Any CPU.ActiveCfg = Debug|Any CPU
		{D18FEC83-A377-47C6-802B-A18B48F0A256}.Release|Any CPU.ActiveCfg = Release|Any CPU
		{BF9AEFB0-3756-4CE5-B397-8A2E403196A7}.Debug|Any CPU.ActiveCfg = Debug|Any CPU
		{BF9AEFB0-3756-4CE5-B397-8A2E403196A7}.Release|Any CPU.ActiveCfg = Release|Any CPU
	EndGlobalSection
	GlobalSection(SolutionProperties) = preSolution
		HideSolutionNode = FALSE
	EndGlobalSection
	GlobalSection(ExtensibilityGlobals) = postSolution
		SolutionGuid = {B7FDC022-FBDF-4A38-B01B-C3A08987C837}
	EndGlobalSection
EndGlobal
